
Microsoft Visual Studio Solution File, Format Version 12.00
# Visual Studio 15
VisualStudioVersion = 15.0.26730.16
MinimumVisualStudioVersion = 10.0.40219.1
Project("{FAE04EC0-301F-11D3-BF4B-00C04F79EFBC}") = "料理次元装盘", "料理次元装盘\料理次元装盘.csproj", "{04EFB7A9-664B-4257-B843-D567E419B5C6}"
EndProject
Global
	GlobalSection(SolutionConfigurationPlatforms) = preSolution
		Debug|Any CPU = Debug|Any CPU
		Release|Any CPU = Release|Any CPU
	EndGlobalSection
	GlobalSection(ProjectConfigurationPlatforms) = postSolution
		{04EFB7A9-664B-4257-B843-D567E419B5C6}.Debug|Any CPU.ActiveCfg = Debug|Any CPU
		{04EFB7A9-664B-4257-B843-D567E419B5C6}.Debug|Any CPU.Build.0 = Debug|Any CPU
		{04EFB7A9-664B-4257-B843-D567E419B5C6}.Release|Any CPU.ActiveCfg = Release|Any CPU
		{04EFB7A9-664B-4257-B843-D567E419B5C6}.Release|Any CPU.Build.0 = Release|Any CPU
	EndGlobalSection
	GlobalSection(SolutionProperties) = preSolution
		HideSolutionNode = FALSE
	EndGlobalSection
	GlobalSection(ExtensibilityGlobals) = postSolution
		SolutionGuid = {A0BC3E6C-AAA6-45A3-B7F8-54C7FC504125}
	EndGlobalSection
EndGlobal
